Microsoft Visual Studio Solution File, Format Version 11.00
# Visual Studio 2008

Project("{E5A518E9-14F9-7CB3-94D8-A2EAD5DB341B}") = "TapRPG", "Assembly-CSharp.csproj", "{FFEF8083-AB1B-EA40-8F8D-60FAE7ADD207}"
EndProject
Global
	GlobalSection(SolutionConfigurationPlatforms) = preSolution
		Debug|Any CPU = Debug|Any CPU
		Release|Any CPU = Release|Any CPU
	EndGlobalSection
	GlobalSection(ProjectConfigurationPlatforms) = postSolution
		{FFEF8083-AB1B-EA40-8F8D-60FAE7ADD207}.Debug|Any CPU.ActiveCfg = Debug|Any CPU
		{FFEF8083-AB1B-EA40-8F8D-60FAE7ADD207}.Debug|Any CPU.Build.0 = Debug|Any CPU
		{FFEF8083-AB1B-EA40-8F8D-60FAE7ADD207}.Release|Any CPU.ActiveCfg = Release|Any CPU
		{FFEF8083-AB1B-EA40-8F8D-60FAE7ADD207}.Release|Any CPU.Build.0 = Release|Any CPU
	EndGlobalSection
	GlobalSection(SolutionProperties) = preSolution
		HideSolutionNode = FALSE
	EndGlobalSection
	GlobalSection(MonoDevelopProperties) = preSolution
		StartupItem = Assembly-CSharp.csproj
	EndGlobalSection
EndGlobal
